{
  "name": "New folder (5)",
  "lockfileVersion": 3,
  "requires": true,
  "packages": {
    "": {
      "dependencies": {
        "youtube-video-js": "^3.6.1"
      }
    },
    "node_modules/resource-manager-js": {
      "version": "5.0.7",
      "resolved": "https://registry.npmjs.org/resource-manager-js/-/resource-manager-js-5.0.7.tgz",
      "integrity": "sha512-MCx8XHSonLhBeC6FvMyWJZ73g9Rk4NkLIOguxrS9Q6IFqY/GBnv75UCwj0gv3GQRWz8ei4X3A6VLFNfLLYddMg==",
      "engines": {
        "node": ">=8.11.2"
      }
    },
    "node_modules/youtube-video-js": {
      "version": "3.6.1",
      "resolved": "https://registry.npmjs.org/youtube-video-js/-/youtube-video-js-3.6.1.tgz",
      "integrity": "sha512-eOV+6CYZzC/9W2NPPWHqwZkVkHmcjP7RKQofDeiQrv9cxJOcKQ0l0Md5hG1k/Bk8jmhCe3JxaJR4TBB57c31cA==",
      "dependencies": {
        "resource-manager-js": "^5.0.7"
      },
      "engines": {
        "node": ">=16"
      }
    }
  }
}
